# @generated by Move, please check-in and do not edit manually.

[move]
version = 3
manifest_digest = "7AEBAF61E2FB87A055F1CD2B316740390795C8A5E2CE2BAE021760521882A64E"
deps_digest = "397E6A9F7A624706DBDFEE056CE88391A15876868FD18A88504DA74EB458D697"
dependencies = [
  { id = "Bridge", name = "Bridge" },
  { id = "BucketV2Saving", name = "BucketV2Saving" },
  { id = "MoveStdlib", name = "MoveStdlib" },
  { id = "Sui", name = "Sui" },
  { id = "SuiSystem", name = "SuiSystem" },
]

[[move.package]]
id = "Bridge"
source = { git = "https://github.com/MystenLabs/sui.git", rev = "2cde80b5766b0bc2073908e10f6e3c81c93fd691", subdir = "crates/sui-framework/packages/bridge" }

dependencies = [
  { id = "MoveStdlib", name = "MoveStdlib" },
  { id = "Sui", name = "Sui" },
  { id = "SuiSystem", name = "SuiSystem" },
]

[[move.package]]
id = "BucketV2Framework"
source = { local = "../../bucket_framework" }

dependencies = [
  { id = "Bridge", name = "Bridge" },
  { id = "MoveStdlib", name = "MoveStdlib" },
  { id = "Sui", name = "Sui" },
  { id = "SuiSystem", name = "SuiSystem" },
]

[[move.package]]
id = "BucketV2Saving"
source = { local = "../../bucket_saving" }

dependencies = [
  { id = "Bridge", name = "Bridge" },
  { id = "BucketV2USD", name = "BucketV2USD" },
  { id = "MoveStdlib", name = "MoveStdlib" },
  { id = "Sui", name = "Sui" },
  { id = "SuiSystem", name = "SuiSystem" },
]

[[move.package]]
id = "BucketV2USD"
source = { local = "../../bucket_usd" }

dependencies = [
  { id = "Bridge", name = "Bridge" },
  { id = "BucketV2Framework", name = "BucketV2Framework" },
  { id = "MoveStdlib", name = "MoveStdlib" },
  { id = "Sui", name = "Sui" },
  { id = "SuiSystem", name = "SuiSystem" },
]

[[move.package]]
id = "MoveStdlib"
source = { git = "https://github.com/MystenLabs/sui.git", rev = "2cde80b5766b0bc2073908e10f6e3c81c93fd691", subdir = "crates/sui-framework/packages/move-stdlib" }

[[move.package]]
id = "Sui"
source = { git = "https://github.com/MystenLabs/sui.git", rev = "2cde80b5766b0bc2073908e10f6e3c81c93fd691", subdir = "crates/sui-framework/packages/sui-framework" }

dependencies = [
  { id = "MoveStdlib", name = "MoveStdlib" },
]

[[move.package]]
id = "SuiSystem"
source = { git = "https://github.com/MystenLabs/sui.git", rev = "2cde80b5766b0bc2073908e10f6e3c81c93fd691", subdir = "crates/sui-framework/packages/sui-system" }

dependencies = [
  { id = "MoveStdlib", name = "MoveStdlib" },
  { id = "Sui", name = "Sui" },
]

[move.toolchain-version]
compiler-version = "1.55.0"
edition = "2024.beta"
flavor = "sui"

[env]

[env.testnet]
chain-id = "4c78adac"
original-published-id = "0x11e03be85d2b5f1ddef785fe1dfa129551f69913c41324ac0cad116031579588"
latest-published-id = "0x11e03be85d2b5f1ddef785fe1dfa129551f69913c41324ac0cad116031579588"
published-version = "1"

[env.mainnet]
chain-id = "35834a8a"
original-published-id = "0x39692320d6fc01c27315a7972ed4717e4fd32eed43531ad6f55fd7f24b74e207"
latest-published-id = "0x39692320d6fc01c27315a7972ed4717e4fd32eed43531ad6f55fd7f24b74e207"
published-version = "1"
