# @generated by Move, please check-in and do not edit manually.

[move]
version = 3
manifest_digest = "B446E2C8BF75B8299F9E2793A7E092FC90D9E9AB62CA13D2FFD6215668408098"
deps_digest = "52B406A7A21811BEF51751CF88DA0E76DAEFFEAC888D4F4060B1A72BBE7D8D35"
dependencies = [
  { id = "Bridge", name = "Bridge" },
  { id = "BucketV2Oracle", name = "BucketV2Oracle" },
  { id = "BucketV2USD", name = "BucketV2USD" },
  { id = "MoveStdlib", name = "MoveStdlib" },
  { id = "Sui", name = "Sui" },
  { id = "SuiSystem", name = "SuiSystem" },
]

[[move.package]]
id = "Bridge"
source = { git = "https://github.com/MystenLabs/sui.git", rev = "db951a5ea6b125f6253a6b7f436ddba46eb0feb3", subdir = "crates/sui-framework/packages/bridge" }

dependencies = [
  { id = "MoveStdlib", name = "MoveStdlib" },
  { id = "Sui", name = "Sui" },
  { id = "SuiSystem", name = "SuiSystem" },
]

[[move.package]]
id = "BucketV2Framework"
source = { local = "../bucket_framework" }

dependencies = [
  { id = "Bridge", name = "Bridge" },
  { id = "MoveStdlib", name = "MoveStdlib" },
  { id = "Sui", name = "Sui" },
  { id = "SuiSystem", name = "SuiSystem" },
]

[[move.package]]
id = "BucketV2Oracle"
source = { local = "../bucket_oracle" }

dependencies = [
  { id = "Bridge", name = "Bridge" },
  { id = "BucketV2Framework", name = "BucketV2Framework" },
  { id = "MoveStdlib", name = "MoveStdlib" },
  { id = "Sui", name = "Sui" },
  { id = "SuiSystem", name = "SuiSystem" },
]

[[move.package]]
id = "BucketV2USD"
source = { local = "../bucket_usd" }

dependencies = [
  { id = "Bridge", name = "Bridge" },
  { id = "BucketV2Framework", name = "BucketV2Framework" },
  { id = "MoveStdlib", name = "MoveStdlib" },
  { id = "Sui", name = "Sui" },
  { id = "SuiSystem", name = "SuiSystem" },
]

[[move.package]]
id = "MoveStdlib"
source = { git = "https://github.com/MystenLabs/sui.git", rev = "db951a5ea6b125f6253a6b7f436ddba46eb0feb3", subdir = "crates/sui-framework/packages/move-stdlib" }

[[move.package]]
id = "Sui"
source = { git = "https://github.com/MystenLabs/sui.git", rev = "db951a5ea6b125f6253a6b7f436ddba46eb0feb3", subdir = "crates/sui-framework/packages/sui-framework" }

dependencies = [
  { id = "MoveStdlib", name = "MoveStdlib" },
]

[[move.package]]
id = "SuiSystem"
source = { git = "https://github.com/MystenLabs/sui.git", rev = "db951a5ea6b125f6253a6b7f436ddba46eb0feb3", subdir = "crates/sui-framework/packages/sui-system" }

dependencies = [
  { id = "MoveStdlib", name = "MoveStdlib" },
  { id = "Sui", name = "Sui" },
]

[move.toolchain-version]
compiler-version = "1.55.0"
edition = "2024.beta"
flavor = "sui"

[env]

[env.testnet]
chain-id = "4c78adac"
original-published-id = "0x801a162330af18f018022faf93d781e5f2777886cac46c269ba3cc09b808c59a"
latest-published-id = "0x801a162330af18f018022faf93d781e5f2777886cac46c269ba3cc09b808c59a"
published-version = "1"

[env.mainnet]
chain-id = "35834a8a"
original-published-id = "0xa82cb0dcfa2ac2ccd635e628209775eef382e652f7ee5abd42d00f3de8828053"
latest-published-id = "0x0e6b94c4ff56511c615b536f43cae5c2f2844433af05a952907b9ba2f1a1b749"
published-version = "2"
